
Microsoft Visual Studio Solution File, Format Version 12.00
# Visual Studio Version 17
VisualStudioVersion = 17.8.34511.84
MinimumVisualStudioVersion = 10.0.40219.1
Project("{8BC9CEB8-8B4A-11D0-8D11-00A0C91BC942}") = "stack", "stack.vcxproj", "{A7660226-8889-4A4D-B95F-F7CCE4B5DB73}"
EndProject
Global
	GlobalSection(SolutionConfigurationPlatforms) = preSolution
		Debug|x64 = Debug|x64
		Debug|x86 = Debug|x86
		Release|x64 = Release|x64
		Release|x86 = Release|x86
	EndGlobalSection
	GlobalSection(ProjectConfigurationPlatforms) = postSolution
		{A7660226-8889-4A4D-B95F-F7CCE4B5DB73}.Debug|x64.ActiveCfg = Debug|x64
		{A7660226-8889-4A4D-B95F-F7CCE4B5DB73}.Debug|x64.Build.0 = Debug|x64
		{A7660226-8889-4A4D-B95F-F7CCE4B5DB73}.Debug|x86.ActiveCfg = Debug|Win32
		{A7660226-8889-4A4D-B95F-F7CCE4B5DB73}.Debug|x86.Build.0 = Debug|Win32
		{A7660226-8889-4A4D-B95F-F7CCE4B5DB73}.Release|x64.ActiveCfg = Release|x64
		{A7660226-8889-4A4D-B95F-F7CCE4B5DB73}.Release|x64.Build.0 = Release|x64
		{A7660226-8889-4A4D-B95F-F7CCE4B5DB73}.Release|x86.ActiveCfg = Release|Win32
		{A7660226-8889-4A4D-B95F-F7CCE4B5DB73}.Release|x86.Build.0 = Release|Win32
	EndGlobalSection
	GlobalSection(SolutionProperties) = preSolution
		HideSolutionNode = FALSE
	EndGlobalSection
	GlobalSection(ExtensibilityGlobals) = postSolution
		SolutionGuid = {6208A973-E9B2-4F41-B2A3-FCAB931F5FAD}
	EndGlobalSection
EndGlobal
